// !$*UTF8*$!
{
	archiveVersion = 1;
	classes = {
	};
	objectVersion = 46;
	objects = {

/* Begin PBXBuildFile section */
		708216831C446376006A2A63 /* AppDelegate.swift in Sources */ = {isa = PBXBuildFile; fileRef = 708216821C446376006A2A63 /* AppDelegate.swift */; };
		708216851C446376006A2A63 /* ViewController.swift in Sources */ = {isa = PBXBuildFile; fileRef = 708216841C446376006A2A63 /* ViewController.swift */; };
		708216881C446376006A2A63 /* Main.storyboard in Resources */ = {isa = PBXBuildFile; fileRef = 708216861C446376006A2A63 /* Main.storyboard */; };
		7082168A1C446376006A2A63 /* Assets.xcassets in Resources */ = {isa = PBXBuildFile; fileRef = 708216891C446376006A2A63 /* Assets.xcassets */; };
		7082168D1C446376006A2A63 /* LaunchScreen.storyboard in Resources */ = {isa = PBXBuildFile; fileRef = 7082168B1C446376006A2A63 /* LaunchScreen.storyboard */; };
/* End PBXBuildFile section */

/* Begin PBXFileReference section */
		7082167F1C446376006A2A63 /* FlickFirst.app */ = {isa = PBXFileReference; explicitFileType = wrapper.application; includeInIndex = 0; path = FlickFirst.app; sourceTree = BUILT_PRODUCTS_DIR; };
		708216821C446376006A2A63 /* AppDelegate.swift */ = {isa = PBXFileReference; lastKnownFileType = sourcecode.swift; path = AppDelegate.swift; sourceTree = "<group>"; };
		708216841C446376006A2A63 /* ViewController.swift */ = {isa = PBXFileReference; lastKnownFileType = sourcecode.swift; path = ViewController.swift; sourceTree = "<group>"; };
		708216871C446376006A2A63 /* Base */ = {isa = PBXFileReference; lastKnownFileType = file.storyboard; name = Base; path = Base.lproj/Main.storyboard; sourceTree = "<group>"; };
		708216891C446376006A2A63 /* Assets.xcassets */ = {isa = PBXFileReference; lastKnownFileType = folder.assetcatalog; path = Assets.xcassets; sourceTree = "<group>"; };
		7082168C1C446376006A2A63 /* Base */ = {isa = PBXFileReference; lastKnownFileType = file.storyboard; name = Base; path = Base.lproj/LaunchScreen.storyboard; sourceTree = "<group>"; };
		7082168E1C446376006A2A63 /* Info.plist */ = {isa = PBXFileReference; lastKnownFileType = text.plist.xml; path = Info.plist; sourceTree = "<group>"; };
/* End PBXFileReference section */

/* Begin PBXFrameworksBuildPhase section */
		7082167C1C446376006A2A63 /* Frameworks */ = {
			isa = PBXFrameworksBuildPhase;
			buildActionMask = 2147483647;
			files = (
			);
			runOnlyForDeploymentPostprocessing = 0;
		};
/* End PBXFrameworksBuildPhase section */

/* Begin PBXGroup section */
		708216761C446376006A2A63 = {
			isa = PBXGroup;
			children = (
				708216811C446376006A2A63 /* FlickFirst */,
				708216801C446376006A2A63 /* Products */,
			);
			sourceTree = "<group>";
		};
		708216801C446376006A2A63 /* Products */ = {
			isa = PBXGroup;
			children = (
				7082167F1C446376006A2A63 /* FlickFirst.app */,
			);
			name = Products;
			sourceTree = "<group>";
		};
		708216811C446376006A2A63 /* FlickFirst */ = {
			isa = PBXGroup;
			children = (
				708216821C446376006A2A63 /* AppDelegate.swift */,
				708216841C446376006A2A63 /* ViewController.swift */,
				708216861C446376006A2A63 /* Main.storyboard */,
				708216891C446376006A2A63 /* Assets.xcassets */,
				7082168B1C446376006A2A63 /* LaunchScreen.storyboard */,
				7082168E1C446376006A2A63 /* Info.plist */,
			);
			path = FlickFirst;
			sourceTree = "<group>";
		};
/* End PBXGroup section */

/* Begin PBXNativeTarget section */
		7082167E1C446376006A2A63 /* FlickFirst */ = {
			isa = PBXNativeTarget;
			buildConfigurationList = 708216911C446376006A2A63 /* Build configuration list for PBXNativeTarget "FlickFirst" */;
			buildPhases = (
				7082167B1C446376006A2A63 /* Sources */,
				7082167C1C446376006A2A63 /* Frameworks */,
				7082167D1C446376006A2A63 /* Resources */,
			);
			buildRules = (
			);
			dependencies = (
			);
			name = FlickFirst;
			productName = FlickFirst;
			productReference = 7082167F1C446376006A2A63 /* FlickFirst.app */;
			productType = "com.apple.product-type.application";
		};
/* End PBXNativeTarget section */

/* Begin PBXProject section */
		708216771C446376006A2A63 /* Project object */ = {
			isa = PBXProject;
			attributes = {
				LastSwiftUpdateCheck = 0720;
				LastUpgradeCheck = 0720;
				ORGANIZATIONNAME = "CodePath - Saul Soto";
				TargetAttributes = {
					7082167E1C446376006A2A63 = {
						CreatedOnToolsVersion = 7.2;
					};
				};
			};
			buildConfigurationList = 7082167A1C446376006A2A63 /* Build configuration list for PBXProject "FlickFirst" */;
			compatibilityVersion = "Xcode 3.2";
			developmentRegion = English;
			hasScannedForEncodings = 0;
			knownRegions = (
				en,
				Base,
			);
			mainGroup = 708216761C446376006A2A63;
			productRefGroup = 708216801C446376006A2A63 /* Products */;
			projectDirPath = "";
			projectRoot = "";
			targets = (
				7082167E1C446376006A2A63 /* FlickFirst */,
			);
		};
/* End PBXProject section */

/* Begin PBXResourcesBuildPhase section */
		7082167D1C446376006A2A63 /* Resources */ = {
			isa = PBXResourcesBuildPhase;
			buildActionMask = 2147483647;
			files = (
				7082168D1C446376006A2A63 /* LaunchScreen.storyboard in Resources */,
				7082168A1C446376006A2A63 /* Assets.xcassets in Resources */,
				708216881C446376006A2A63 /* Main.storyboard in Resources */,
			);
			runOnlyForDeploymentPostprocessing = 0;
		};
/* End PBXResourcesBuildPhase section */

/* Begin PBXSourcesBuildPhase section */
		7082167B1C446376006A2A63 /* Sources */ = {
			isa = PBXSourcesBuildPhase;
			buildActionMask = 2147483647;
			files = (
				708216851C446376006A2A63 /* ViewController.swift in Sources */,
				708216831C446376006A2A63 /* AppDelegate.swift in Sources */,
			);
			runOnlyForDeploymentPostprocessing = 0;
		};
/* End PBXSourcesBuildPhase section */

/* Begin PBXVariantGroup section */
		708216861C446376006A2A63 /* Main.storyboard */ = {
			isa = PBXVariantGroup;
			children = (
				708216871C446376006A2A63 /* Base */,
			);
			name = Main.storyboard;
			sourceTree = "<group>";
		};
		7082168B1C446376006A2A63 /* LaunchScreen.storyboard */ = {
			isa = PBXVariantGroup;
			children = (
				7082168C1C446376006A2A63 /* Base */,
			);
			name = LaunchScreen.storyboard;
			sourceTree = "<group>";
		};
/* End PBXVariantGroup section */

/* Begin XCBuildConfiguration section */
		7082168F1C446376006A2A63 /* Debug */ = {
			isa = XCBuildConfiguration;
			buildSettings = {
				ALWAYS_SEARCH_USER_PATHS = NO;
				CLANG_CXX_LANGUAGE_STANDARD = "gnu++0x";
				CLANG_CXX_LIBRARY = "libc++";
				CLANG_ENABLE_MODULES = YES;
				CLANG_ENABLE_OBJC_ARC = YES;
				CLANG_WARN_BOOL_CONVERSION = YES;
				CLANG_WARN_CONSTANT_CONVERSION = YES;
				CLANG_WARN_DIRECT_OBJC_ISA_USAGE = YES_ERROR;
				CLANG_WARN_EMPTY_BODY = YES;
				CLANG_WARN_ENUM_CONVERSION = YES;
				CLANG_WARN_INT_CONVERSION = YES;
				CLANG_WARN_OBJC_ROOT_CLASS = YES_ERROR;
				CLANG_WARN_UNREACHABLE_CODE = YES;
				CLANG_WARN__DUPLICATE_METHOD_MATCH = YES;
				"CODE_SIGN_IDENTITY[sdk=iphoneos*]" = "iPhone Developer";
				COPY_PHASE_STRIP = NO;
				DEBUG_INFORMATION_FORMAT = dwarf;
				ENABLE_STRICT_OBJC_MSGSEND = YES;
				ENABLE_TESTABILITY = YES;
				GCC_C_LANGUAGE_STANDARD = gnu99;
				GCC_DYNAMIC_NO_PIC = NO;
				GCC_NO_COMMON_BLOCKS = YES;
				GCC_OPTIMIZATION_LEVEL = 0;
				GCC_PREPROCESSOR_DEFINITIONS = (
					"DEBUG=1",
					"$(inherited)",
				);
				GCC_WARN_64_TO_32_BIT_CONVERSION = YES;
				GCC_WARN_ABOUT_RETURN_TYPE = YES_ERROR;
				GCC_WARN_UNDECLARED_SELECTOR = YES;
				GCC_WARN_UNINITIALIZED_AUTOS = YES_AGGRESSIVE;
				GCC_WARN_UNUSED_FUNCTION = YES;
				GCC_WARN_UNUSED_VARIABLE = YES;
				IPHONEOS_DEPLOYMENT_TARGET = 9.2;
				MTL_ENABLE_DEBUG_INFO = YES;
				ONLY_ACTIVE_ARCH = YES;
				SDKROOT = iphoneos;
				SWIFT_OPTIMIZATION_LEVEL = "-Onone";
				TARGETED_DEVICE_FAMILY = "1,2";
			};
			name = Debug;
		};
		708216901C446376006A2A63 /* Release */ = {
			isa = XCBuildConfiguration;
			buildSettings = {
				ALWAYS_SEARCH_USER_PATHS = NO;
				CLANG_CXX_LANGUAGE_STANDARD = "gnu++0x";
				CLANG_CXX_LIBRARY = "libc++";
				CLANG_ENABLE_MODULES = YES;
				CLANG_ENABLE_OBJC_ARC = YES;
				CLANG_WARN_BOOL_CONVERSION = YES;
				CLANG_WARN_CONSTANT_CONVERSION = YES;
				CLANG_WARN_DIRECT_OBJC_ISA_USAGE = YES_ERROR;
				CLANG_WARN_EMPTY_BODY = YES;
				CLANG_WARN_ENUM_CONVERSION = YES;
				CLANG_WARN_INT_CONVERSION = YES;
				CLANG_WARN_OBJC_ROOT_CLASS = YES_ERROR;
				CLANG_WARN_UNREACHABLE_CODE = YES;
				CLANG_WARN__DUPLICATE_METHOD_MATCH = YES;
				"CODE_SIGN_IDENTITY[sdk=iphoneos*]" = "iPhone Developer";
				COPY_PHASE_STRIP = NO;
				DEBUG_INFORMATION_FORMAT = "dwarf-with-dsym";
				ENABLE_NS_ASSERTIONS = NO;
				ENABLE_STRICT_OBJC_MSGSEND = YES;
				GCC_C_LANGUAGE_STANDARD = gnu99;
				GCC_NO_COMMON_BLOCKS = YES;
				GCC_WARN_64_TO_32_BIT_CONVERSION = YES;
				GCC_WARN_ABOUT_RETURN_TYPE = YES_ERROR;
				GCC_WARN_UNDECLARED_SELECTOR = YES;
				GCC_WARN_UNINITIALIZED_AUTOS = YES_AGGRESSIVE;
				GCC_WARN_UNUSED_FUNCTION = YES;
				GCC_WARN_UNUSED_VARIABLE = YES;
				IPHONEOS_DEPLOYMENT_TARGET = 9.2;
				MTL_ENABLE_DEBUG_INFO = NO;
				SDKROOT = iphoneos;
				TARGETED_DEVICE_FAMILY = "1,2";
				VALIDATE_PRODUCT = YES;
			};
			name = Release;
		};
		708216921C446376006A2A63 /* Debug */ = {
			isa = XCBuildConfiguration;
			buildSettings = {
				ASSETCATALOG_COMPILER_APPICON_NAME = AppIcon;
				INFOPLIST_FILE = FlickFirst/Info.plist;
				LD_RUNPATH_SEARCH_PATHS = "$(inherited) @executable_path/Frameworks";
				PRODUCT_BUNDLE_IDENTIFIER = com.codepath.FlickFirst;
				PRODUCT_NAME = "$(TARGET_NAME)";
			};
			name = Debug;
		};
		708216931C446376006A2A63 /* Release */ = {
			isa = XCBuildConfiguration;
			buildSettings = {
				ASSETCATALOG_COMPILER_APPICON_NAME = AppIcon;
				INFOPLIST_FILE = FlickFirst/Info.plist;
				LD_RUNPATH_SEARCH_PATHS = "$(inherited) @executable_path/Frameworks";
				PRODUCT_BUNDLE_IDENTIFIER = com.codepath.FlickFirst;
				PRODUCT_NAME = "$(TARGET_NAME)";
			};
			name = Release;
		};
/* End XCBuildConfiguration section */

/* Begin XCConfigurationList section */
		7082167A1C446376006A2A63 /* Build configuration list for PBXProject "FlickFirst" */ = {
			isa = XCConfigurationList;
			buildConfigurations = (
				7082168F1C446376006A2A63 /* Debug */,
				708216901C446376006A2A63 /* Release */,
			);
			defaultConfigurationIsVisible = 0;
			defaultConfigurationName = Release;
		};
		708216911C446376006A2A63 /* Build configuration list for PBXNativeTarget "FlickFirst" */ = {
			isa = XCConfigurationList;
			buildConfigurations = (
				708216921C446376006A2A63 /* Debug */,
				708216931C446376006A2A63 /* Release */,
			);
			defaultConfigurationIsVisible = 0;
		};
/* End XCConfigurationList section */
	};
	rootObject = 708216771C446376006A2A63 /* Project object */;
}
